
Microsoft Visual Studio Solution File, Format Version 12.00
Project("{FAE04EC0-301F-11D3-BF4B-00C04F79EFBC}") = "ExemploCamadas.API", "ExemploCamadas.API\ExemploCamadas.API.csproj", "{7BD04E01-E3B1-4642-AE1A-CE5EC1954850}"
EndProject
Project("{2150E333-8FDC-42A3-9474-1A3956D46DE8}") = "00 - Tests", "00 - Tests", "{636FC18D-CE7E-4CE0-928B-37C09FDCF82B}"
EndProject
Project("{2150E333-8FDC-42A3-9474-1A3956D46DE8}") = "01 - API", "01 - API", "{584B6070-D91E-4B96-A931-3FBF03221C79}"
EndProject
Project("{2150E333-8FDC-42A3-9474-1A3956D46DE8}") = "02 - Application", "02 - Application", "{7D883C04-58FC-4CA0-9F33-7C94E0C0C2E3}"
EndProject
Project("{2150E333-8FDC-42A3-9474-1A3956D46DE8}") = "03 - Domain", "03 - Domain", "{1D581131-F297-485C-A624-39D92377D162}"
EndProject
Project("{2150E333-8FDC-42A3-9474-1A3956D46DE8}") = "04 - Infra", "04 - Infra", "{5CCF4053-2828-4D3B-842F-54F40BDD2CC7}"
EndProject
Project("{FAE04EC0-301F-11D3-BF4B-00C04F79EFBC}") = "ExemploCamadas.Application", "ExemploCamadas.Application\ExemploCamadas.Application.csproj", "{72FD87BD-1A83-49F1-9185-2F6C950ED933}"
EndProject
Project("{FAE04EC0-301F-11D3-BF4B-00C04F79EFBC}") = "ExemploCamadas.Domain", "ExemploCamadas.Domain\ExemploCamadas.Domain.csproj", "{6A54659B-B7B3-4F38-B480-C0FF86EA1D23}"
EndProject
Project("{2150E333-8FDC-42A3-9474-1A3956D46DE8}") = "04.01 - Data", "04.01 - Data", "{41B85236-F3B4-4C1E-B0FF-5343A4006E59}"
EndProject
Project("{2150E333-8FDC-42A3-9474-1A3956D46DE8}") = "04.02 - CrossCutting", "04.02 - CrossCutting", "{0E78C3E7-456D-4FB6-8CE7-25370118C126}"
EndProject
Project("{FAE04EC0-301F-11D3-BF4B-00C04F79EFBC}") = "ExemploCamadas.Infra.CrossCutting.IoC", "ExemploCamadas.Infra.CrossCutting.IoC\ExemploCamadas.Infra.CrossCutting.IoC.csproj", "{9CD8DB01-2237-4F4F-99B4-F63D069DF5AF}"
EndProject
Project("{FAE04EC0-301F-11D3-BF4B-00C04F79EFBC}") = "ExemploCamadas.Infra.Data", "ExemploCamadas.Infra.Data\ExemploCamadas.Infra.Data.csproj", "{3D3C72A1-CEB4-4857-8443-D738EF41DD30}"
EndProject
Global
	GlobalSection(SolutionConfigurationPlatforms) = preSolution
		Debug|Any CPU = Debug|Any CPU
		Release|Any CPU = Release|Any CPU
	EndGlobalSection
	GlobalSection(ProjectConfigurationPlatforms) = postSolution
		{7BD04E01-E3B1-4642-AE1A-CE5EC1954850}.Debug|Any CPU.ActiveCfg = Debug|Any CPU
		{7BD04E01-E3B1-4642-AE1A-CE5EC1954850}.Debug|Any CPU.Build.0 = Debug|Any CPU
		{7BD04E01-E3B1-4642-AE1A-CE5EC1954850}.Release|Any CPU.ActiveCfg = Release|Any CPU
		{7BD04E01-E3B1-4642-AE1A-CE5EC1954850}.Release|Any CPU.Build.0 = Release|Any CPU
		{72FD87BD-1A83-49F1-9185-2F6C950ED933}.Debug|Any CPU.ActiveCfg = Debug|Any CPU
		{72FD87BD-1A83-49F1-9185-2F6C950ED933}.Debug|Any CPU.Build.0 = Debug|Any CPU
		{72FD87BD-1A83-49F1-9185-2F6C950ED933}.Release|Any CPU.ActiveCfg = Release|Any CPU
		{72FD87BD-1A83-49F1-9185-2F6C950ED933}.Release|Any CPU.Build.0 = Release|Any CPU
		{6A54659B-B7B3-4F38-B480-C0FF86EA1D23}.Debug|Any CPU.ActiveCfg = Debug|Any CPU
		{6A54659B-B7B3-4F38-B480-C0FF86EA1D23}.Debug|Any CPU.Build.0 = Debug|Any CPU
		{6A54659B-B7B3-4F38-B480-C0FF86EA1D23}.Release|Any CPU.ActiveCfg = Release|Any CPU
		{6A54659B-B7B3-4F38-B480-C0FF86EA1D23}.Release|Any CPU.Build.0 = Release|Any CPU
		{9CD8DB01-2237-4F4F-99B4-F63D069DF5AF}.Debug|Any CPU.ActiveCfg = Debug|Any CPU
		{9CD8DB01-2237-4F4F-99B4-F63D069DF5AF}.Debug|Any CPU.Build.0 = Debug|Any CPU
		{9CD8DB01-2237-4F4F-99B4-F63D069DF5AF}.Release|Any CPU.ActiveCfg = Release|Any CPU
		{9CD8DB01-2237-4F4F-99B4-F63D069DF5AF}.Release|Any CPU.Build.0 = Release|Any CPU
		{3D3C72A1-CEB4-4857-8443-D738EF41DD30}.Debug|Any CPU.ActiveCfg = Debug|Any CPU
		{3D3C72A1-CEB4-4857-8443-D738EF41DD30}.Debug|Any CPU.Build.0 = Debug|Any CPU
		{3D3C72A1-CEB4-4857-8443-D738EF41DD30}.Release|Any CPU.ActiveCfg = Release|Any CPU
		{3D3C72A1-CEB4-4857-8443-D738EF41DD30}.Release|Any CPU.Build.0 = Release|Any CPU
	EndGlobalSection
	GlobalSection(NestedProjects) = preSolution
		{7BD04E01-E3B1-4642-AE1A-CE5EC1954850} = {584B6070-D91E-4B96-A931-3FBF03221C79}
		{72FD87BD-1A83-49F1-9185-2F6C950ED933} = {7D883C04-58FC-4CA0-9F33-7C94E0C0C2E3}
		{6A54659B-B7B3-4F38-B480-C0FF86EA1D23} = {1D581131-F297-485C-A624-39D92377D162}
		{41B85236-F3B4-4C1E-B0FF-5343A4006E59} = {5CCF4053-2828-4D3B-842F-54F40BDD2CC7}
		{0E78C3E7-456D-4FB6-8CE7-25370118C126} = {5CCF4053-2828-4D3B-842F-54F40BDD2CC7}
		{9CD8DB01-2237-4F4F-99B4-F63D069DF5AF} = {0E78C3E7-456D-4FB6-8CE7-25370118C126}
		{3D3C72A1-CEB4-4857-8443-D738EF41DD30} = {41B85236-F3B4-4C1E-B0FF-5343A4006E59}
	EndGlobalSection
EndGlobal
